
Microsoft Visual Studio Solution File, Format Version 12.00
# Visual Studio 15
VisualStudioVersion = 15.0.26430.16
MinimumVisualStudioVersion = 10.0.40219.1
Project("{FAE04EC0-301F-11D3-BF4B-00C04F79EFBC}") = "Simple_MasterDetail_Example.Android", "Simple_MasterDetail_Example\Simple_MasterDetail_Example.Android\Simple_MasterDetail_Example.Android.csproj", "{C04A2139-2268-4249-B48B-5F6924BF540C}"
EndProject
Project("{FAE04EC0-301F-11D3-BF4B-00C04F79EFBC}") = "Simple_MasterDetail_Example", "Simple_MasterDetail_Example\Simple_MasterDetail_Example\Simple_MasterDetail_Example.csproj", "{4777FE3C-F611-406F-BEC2-DF2AFAA93003}"
EndProject
Project("{FAE04EC0-301F-11D3-BF4B-00C04F79EFBC}") = "Simple_MasterDetail_Example.iOS", "Simple_MasterDetail_Example\Simple_MasterDetail_Example.iOS\Simple_MasterDetail_Example.iOS.csproj", "{32B42074-5276-4259-BF05-FCFDA325DA62}"
EndProject
Global
	GlobalSection(SolutionConfigurationPlatforms) = preSolution
		Ad-Hoc|Any CPU = Ad-Hoc|Any CPU
		Ad-Hoc|iPhone = Ad-Hoc|iPhone
		Ad-Hoc|iPhoneSimulator = Ad-Hoc|iPhoneSimulator
		AppStore|Any CPU = AppStore|Any CPU
		AppStore|iPhone = AppStore|iPhone
		AppStore|iPhoneSimulator = AppStore|iPhoneSimulator
		Debug|Any CPU = Debug|Any CPU
		Debug|iPhone = Debug|iPhone
		Debug|iPhoneSimulator = Debug|iPhoneSimulator
		Release|Any CPU = Release|Any CPU
		Release|iPhone = Release|iPhone
		Release|iPhoneSimulator = Release|iPhoneSimulator
	EndGlobalSection
	GlobalSection(ProjectConfigurationPlatforms) = postSolution
		{C04A2139-2268-4249-B48B-5F6924BF540C}.Ad-Hoc|Any CPU.ActiveCfg = Release|Any CPU
		{C04A2139-2268-4249-B48B-5F6924BF540C}.Ad-Hoc|Any CPU.Build.0 = Release|Any CPU
		{C04A2139-2268-4249-B48B-5F6924BF540C}.Ad-Hoc|Any CPU.Deploy.0 = Release|Any CPU
		{C04A2139-2268-4249-B48B-5F6924BF540C}.Ad-Hoc|iPhone.ActiveCfg = Release|Any CPU
		{C04A2139-2268-4249-B48B-5F6924BF540C}.Ad-Hoc|iPhone.Build.0 = Release|Any CPU
		{C04A2139-2268-4249-B48B-5F6924BF540C}.Ad-Hoc|iPhone.Deploy.0 = Release|Any CPU
		{C04A2139-2268-4249-B48B-5F6924BF540C}.Ad-Hoc|iPhoneSimulator.ActiveCfg = Release|Any CPU
		{C04A2139-2268-4249-B48B-5F6924BF540C}.Ad-Hoc|iPhoneSimulator.Build.0 = Release|Any CPU
		{C04A2139-2268-4249-B48B-5F6924BF540C}.Ad-Hoc|iPhoneSimulator.Deploy.0 = Release|Any CPU
		{C04A2139-2268-4249-B48B-5F6924BF540C}.AppStore|Any CPU.ActiveCfg = Release|Any CPU
		{C04A2139-2268-4249-B48B-5F6924BF540C}.AppStore|Any CPU.Build.0 = Release|Any CPU
		{C04A2139-2268-4249-B48B-5F6924BF540C}.AppStore|Any CPU.Deploy.0 = Release|Any CPU
		{C04A2139-2268-4249-B48B-5F6924BF540C}.AppStore|iPhone.ActiveCfg = Release|Any CPU
		{C04A2139-2268-4249-B48B-5F6924BF540C}.AppStore|iPhone.Build.0 = Release|Any CPU
		{C04A2139-2268-4249-B48B-5F6924BF540C}.AppStore|iPhone.Deploy.0 = Release|Any CPU
		{C04A2139-2268-4249-B48B-5F6924BF540C}.AppStore|iPhoneSimulator.ActiveCfg = Release|Any CPU
		{C04A2139-2268-4249-B48B-5F6924BF540C}.AppStore|iPhoneSimulator.Build.0 = Release|Any CPU
		{C04A2139-2268-4249-B48B-5F6924BF540C}.AppStore|iPhoneSimulator.Deploy.0 = Release|Any CPU
		{C04A2139-2268-4249-B48B-5F6924BF540C}.Debug|Any CPU.ActiveCfg = Debug|Any CPU
		{C04A2139-2268-4249-B48B-5F6924BF540C}.Debug|Any CPU.Build.0 = Debug|Any CPU
		{C04A2139-2268-4249-B48B-5F6924BF540C}.Debug|Any CPU.Deploy.0 = Debug|Any CPU
		{C04A2139-2268-4249-B48B-5F6924BF540C}.Debug|iPhone.ActiveCfg = Debug|Any CPU
		{C04A2139-2268-4249-B48B-5F6924BF540C}.Debug|iPhone.Build.0 = Debug|Any CPU
		{C04A2139-2268-4249-B48B-5F6924BF540C}.Debug|iPhone.Deploy.0 = Debug|Any CPU
		{C04A2139-2268-4249-B48B-5F6924BF540C}.Debug|iPhoneSimulator.ActiveCfg = Debug|Any CPU
		{C04A2139-2268-4249-B48B-5F6924BF540C}.Debug|iPhoneSimulator.Build.0 = Debug|Any CPU
		{C04A2139-2268-4249-B48B-5F6924BF540C}.Debug|iPhoneSimulator.Deploy.0 = Debug|Any CPU
		{C04A2139-2268-4249-B48B-5F6924BF540C}.Release|Any CPU.ActiveCfg = Release|Any CPU
		{C04A2139-2268-4249-B48B-5F6924BF540C}.Release|Any CPU.Build.0 = Release|Any CPU
		{C04A2139-2268-4249-B48B-5F6924BF540C}.Release|Any CPU.Deploy.0 = Release|Any CPU
		{C04A2139-2268-4249-B48B-5F6924BF540C}.Release|iPhone.ActiveCfg = Release|Any CPU
		{C04A2139-2268-4249-B48B-5F6924BF540C}.Release|iPhone.Build.0 = Release|Any CPU
		{C04A2139-2268-4249-B48B-5F6924BF540C}.Release|iPhone.Deploy.0 = Release|Any CPU
		{C04A2139-2268-4249-B48B-5F6924BF540C}.Release|iPhoneSimulator.ActiveCfg = Release|Any CPU
		{C04A2139-2268-4249-B48B-5F6924BF540C}.Release|iPhoneSimulator.Build.0 = Release|Any CPU
		{C04A2139-2268-4249-B48B-5F6924BF540C}.Release|iPhoneSimulator.Deploy.0 = Release|Any CPU
		{4777FE3C-F611-406F-BEC2-DF2AFAA93003}.Ad-Hoc|Any CPU.ActiveCfg = Release|Any CPU
		{4777FE3C-F611-406F-BEC2-DF2AFAA93003}.Ad-Hoc|Any CPU.Build.0 = Release|Any CPU
		{4777FE3C-F611-406F-BEC2-DF2AFAA93003}.Ad-Hoc|iPhone.ActiveCfg = Release|Any CPU
		{4777FE3C-F611-406F-BEC2-DF2AFAA93003}.Ad-Hoc|iPhone.Build.0 = Release|Any CPU
		{4777FE3C-F611-406F-BEC2-DF2AFAA93003}.Ad-Hoc|iPhoneSimulator.ActiveCfg = Release|Any CPU
		{4777FE3C-F611-406F-BEC2-DF2AFAA93003}.Ad-Hoc|iPhoneSimulator.Build.0 = Release|Any CPU
		{4777FE3C-F611-406F-BEC2-DF2AFAA93003}.AppStore|Any CPU.ActiveCfg = Release|Any CPU
		{4777FE3C-F611-406F-BEC2-DF2AFAA93003}.AppStore|Any CPU.Build.0 = Release|Any CPU
		{4777FE3C-F611-406F-BEC2-DF2AFAA93003}.AppStore|iPhone.ActiveCfg = Release|Any CPU
		{4777FE3C-F611-406F-BEC2-DF2AFAA93003}.AppStore|iPhone.Build.0 = Release|Any CPU
		{4777FE3C-F611-406F-BEC2-DF2AFAA93003}.AppStore|iPhoneSimulator.ActiveCfg = Release|Any CPU
		{4777FE3C-F611-406F-BEC2-DF2AFAA93003}.AppStore|iPhoneSimulator.Build.0 = Release|Any CPU
		{4777FE3C-F611-406F-BEC2-DF2AFAA93003}.Debug|Any CPU.ActiveCfg = Debug|Any CPU
		{4777FE3C-F611-406F-BEC2-DF2AFAA93003}.Debug|Any CPU.Build.0 = Debug|Any CPU
		{4777FE3C-F611-406F-BEC2-DF2AFAA93003}.Debug|iPhone.ActiveCfg = Debug|Any CPU
		{4777FE3C-F611-406F-BEC2-DF2AFAA93003}.Debug|iPhone.Build.0 = Debug|Any CPU
		{4777FE3C-F611-406F-BEC2-DF2AFAA93003}.Debug|iPhoneSimulator.ActiveCfg = Debug|Any CPU
		{4777FE3C-F611-406F-BEC2-DF2AFAA93003}.Debug|iPhoneSimulator.Build.0 = Debug|Any CPU
		{4777FE3C-F611-406F-BEC2-DF2AFAA93003}.Release|Any CPU.ActiveCfg = Release|Any CPU
		{4777FE3C-F611-406F-BEC2-DF2AFAA93003}.Release|Any CPU.Build.0 = Release|Any CPU
		{4777FE3C-F611-406F-BEC2-DF2AFAA93003}.Release|iPhone.ActiveCfg = Release|Any CPU
		{4777FE3C-F611-406F-BEC2-DF2AFAA93003}.Release|iPhone.Build.0 = Release|Any CPU
		{4777FE3C-F611-406F-BEC2-DF2AFAA93003}.Release|iPhoneSimulator.ActiveCfg = Release|Any CPU
		{4777FE3C-F611-406F-BEC2-DF2AFAA93003}.Release|iPhoneSimulator.Build.0 = Release|Any CPU
		{32B42074-5276-4259-BF05-FCFDA325DA62}.Ad-Hoc|Any CPU.ActiveCfg = Ad-Hoc|iPhone
		{32B42074-5276-4259-BF05-FCFDA325DA62}.Ad-Hoc|iPhone.ActiveCfg = Ad-Hoc|iPhone
		{32B42074-5276-4259-BF05-FCFDA325DA62}.Ad-Hoc|iPhone.Build.0 = Ad-Hoc|iPhone
		{32B42074-5276-4259-BF05-FCFDA325DA62}.Ad-Hoc|iPhoneSimulator.ActiveCfg = Ad-Hoc|iPhoneSimulator
		{32B42074-5276-4259-BF05-FCFDA325DA62}.Ad-Hoc|iPhoneSimulator.Build.0 = Ad-Hoc|iPhoneSimulator
		{32B42074-5276-4259-BF05-FCFDA325DA62}.AppStore|Any CPU.ActiveCfg = AppStore|iPhone
		{32B42074-5276-4259-BF05-FCFDA325DA62}.AppStore|iPhone.ActiveCfg = AppStore|iPhone
		{32B42074-5276-4259-BF05-FCFDA325DA62}.AppStore|iPhone.Build.0 = AppStore|iPhone
		{32B42074-5276-4259-BF05-FCFDA325DA62}.AppStore|iPhoneSimulator.ActiveCfg = AppStore|iPhoneSimulator
		{32B42074-5276-4259-BF05-FCFDA325DA62}.AppStore|iPhoneSimulator.Build.0 = AppStore|iPhoneSimulator
		{32B42074-5276-4259-BF05-FCFDA325DA62}.Debug|Any CPU.ActiveCfg = Debug|iPhone
		{32B42074-5276-4259-BF05-FCFDA325DA62}.Debug|iPhone.ActiveCfg = Debug|iPhone
		{32B42074-5276-4259-BF05-FCFDA325DA62}.Debug|iPhone.Build.0 = Debug|iPhone
		{32B42074-5276-4259-BF05-FCFDA325DA62}.Debug|iPhoneSimulator.ActiveCfg = Debug|iPhoneSimulator
		{32B42074-5276-4259-BF05-FCFDA325DA62}.Debug|iPhoneSimulator.Build.0 = Debug|iPhoneSimulator
		{32B42074-5276-4259-BF05-FCFDA325DA62}.Release|Any CPU.ActiveCfg = Release|iPhone
		{32B42074-5276-4259-BF05-FCFDA325DA62}.Release|iPhone.ActiveCfg = Release|iPhone
		{32B42074-5276-4259-BF05-FCFDA325DA62}.Release|iPhone.Build.0 = Release|iPhone
		{32B42074-5276-4259-BF05-FCFDA325DA62}.Release|iPhoneSimulator.ActiveCfg = Release|iPhoneSimulator
		{32B42074-5276-4259-BF05-FCFDA325DA62}.Release|iPhoneSimulator.Build.0 = Release|iPhoneSimulator
	EndGlobalSection
	GlobalSection(SolutionProperties) = preSolution
		HideSolutionNode = FALSE
	EndGlobalSection
EndGlobal
